
Microsoft Visual Studio Solution File, Format Version 12.00
# Visual Studio 15
VisualStudioVersion = 15.0.26730.15
MinimumVisualStudioVersion = 10.0.40219.1
Project("{FAE04EC0-301F-11D3-BF4B-00C04F79EFBC}") = "ShortLinks", "ShortLinks\ShortLinks.csproj", "{73EC2386-777F-4BCA-AD75-B0288DBF6601}"
EndProject
Project("{FAE04EC0-301F-11D3-BF4B-00C04F79EFBC}") = "ShortLinkAdmin", "ShortLinksAdmin\ShortLinkAdmin\ShortLinkAdmin.csproj", "{98825C7E-67D9-4DE1-8742-0742B4260CD6}"
EndProject
Global
	GlobalSection(SolutionConfigurationPlatforms) = preSolution
		Debug|Any CPU = Debug|Any CPU
		Release|Any CPU = Release|Any CPU
	EndGlobalSection
	GlobalSection(ProjectConfigurationPlatforms) = postSolution
		{73EC2386-777F-4BCA-AD75-B0288DBF6601}.Debug|Any CPU.ActiveCfg = Debug|Any CPU
		{73EC2386-777F-4BCA-AD75-B0288DBF6601}.Debug|Any CPU.Build.0 = Debug|Any CPU
		{73EC2386-777F-4BCA-AD75-B0288DBF6601}.Release|Any CPU.ActiveCfg = Release|Any CPU
		{73EC2386-777F-4BCA-AD75-B0288DBF6601}.Release|Any CPU.Build.0 = Release|Any CPU
		{98825C7E-67D9-4DE1-8742-0742B4260CD6}.Debug|Any CPU.ActiveCfg = Debug|Any CPU
		{98825C7E-67D9-4DE1-8742-0742B4260CD6}.Debug|Any CPU.Build.0 = Debug|Any CPU
		{98825C7E-67D9-4DE1-8742-0742B4260CD6}.Release|Any CPU.ActiveCfg = Release|Any CPU
		{98825C7E-67D9-4DE1-8742-0742B4260CD6}.Release|Any CPU.Build.0 = Release|Any CPU
	EndGlobalSection
	GlobalSection(SolutionProperties) = preSolution
		HideSolutionNode = FALSE
	EndGlobalSection
	GlobalSection(ExtensibilityGlobals) = postSolution
		SolutionGuid = {5E841867-96B6-4A98-9014-2C9492BCE76F}
	EndGlobalSection
EndGlobal
